<?xml version="1.0" encoding="utf-8"?>
<Project ToolsVersion="4.0" xmlns="http://schemas.microsoft.com/developer/msbuild/2003">
  <ItemGroup>
    <Filter Include="Resource Files">
      <UniqueIdentifier>{67DA6AB6-F800-4c08-8B7A-83BB121AAD01}</UniqueIdentifier>
      <Extensions>rc;ico;cur;bmp;dlg;rc2;rct;bin;rgs;gif;jpg;jpeg;jpe;resx;tiff;tif;png;wav;mfcribbon-ms</Extensions>
    </Filter>
    <Filter Include="imGUI">
      <UniqueIdentifier>{4a41d4ee-7829-4b0c-a82a-d16be9fa8dbc}</UniqueIdentifier>
    </Filter>
    <Filter Include="ParticleSystem">
      <UniqueIdentifier>{7aa2acd0-be26-434b-8ce5-7b4e5a00f7c6}</UniqueIdentifier>
    </Filter>
    <Filter Include="ObjParser">
      <UniqueIdentifier>{1b5958dd-c8c3-4921-80a0-e53ddc0ba2c0}</UniqueIdentifier>
    </Filter>
    <Filter Include="Tesselation">
      <UniqueIdentifier>{8c6946e0-36da-4e4f-a5ed-3b114731c8ff}</UniqueIdentifier>
    </Filter>
    <Filter Include="Cubemap">
      <UniqueIdentifier>{5a51a9db-5dc9-4824-9bf7-423bd2130fde}</UniqueIdentifier>
    </Filter>
    <Filter Include="DeferredRendering">
      <UniqueIdentifier>{7fae6601-2faa-4d70-a8cd-537d32888e99}</UniqueIdentifier>
    </Filter>
    <Filter Include="Classes">
      <UniqueIdentifier>{d12608cf-076f-49eb-b937-072a40192a44}</UniqueIdentifier>
    </Filter>
    <Filter Include="Resource Files\Header Files">
      <UniqueIdentifier>{93995380-89BD-4b04-88EB-625FBE52EBFB}</UniqueIdentifier>
      <Extensions>h;hh;hpp;hxx;h++;hm;inl;inc;ipp;xsd</Extensions>
    </Filter>
    <Filter Include="Resource Files\Source Files">
      <UniqueIdentifier>{4FC737F1-C7A5-4376-A066-2A32D752A2FF}</UniqueIdentifier>
      <Extensions>cpp;c;cc;cxx;c++;cppm;ixx;def;odl;idl;hpj;bat;asm;asmx</Extensions>
    </Filter>
    <Filter Include="FrustumCulling">
      <UniqueIdentifier>{a5939b15-b3a0-4efe-afd1-922f19f27e38}</UniqueIdentifier>
    </Filter>
    <Filter Include="Frustum Culling">
      <UniqueIdentifier>{70709342-908d-4255-a524-d1f3f15f03ad}</UniqueIdentifier>
    </Filter>
    <Filter Include="ShadowMapping">
      <UniqueIdentifier>{2c89c5b6-b450-4ee7-a7b7-7d2a5e58c7c0}</UniqueIdentifier>
    </Filter>
  </ItemGroup>
  <ItemGroup>
    <ClCompile Include="PipelineHelper.cpp">
      <Filter>Resource Files\Source Files</Filter>
    </ClCompile>
    <ClCompile Include="WindowHelper.cpp">
      <Filter>Resource Files\Source Files</Filter>
    </ClCompile>
    <ClCompile Include="D3D11Helper.cpp">
      <Filter>Resource Files\Source Files</Filter>
    </ClCompile>
    <ClCompile Include="imGUI\imgui.cpp">
      <Filter>imGUI</Filter>
    </ClCompile>
    <ClCompile Include="imGUI\imgui_demo.cpp">
      <Filter>imGUI</Filter>
    </ClCompile>
    <ClCompile Include="imGUI\imgui_draw.cpp">
      <Filter>imGUI</Filter>
    </ClCompile>
    <ClCompile Include="imGUI\imgui_impl_dx11.cpp">
      <Filter>imGUI</Filter>
    </ClCompile>
    <ClCompile Include="imGUI\imgui_tables.cpp">
      <Filter>imGUI</Filter>
    </ClCompile>
    <ClCompile Include="imGUI\imgui_widgets.cpp">
      <Filter>imGUI</Filter>
    </ClCompile>
    <ClCompile Include="imGUI\imgui_impl_win32.cpp">
      <Filter>imGUI</Filter>
    </ClCompile>
    <ClCompile Include="ParticleHandler.cpp">
      <Filter>ParticleSystem</Filter>
    </ClCompile>
    <ClCompile Include="ObjParser.cpp">
      <Filter>ObjParser</Filter>
    </ClCompile>
    <ClCompile Include="TesselatorClass.cpp">
      <Filter>Tesselation</Filter>
    </ClCompile>
    <ClCompile Include="TextureLoader.cpp">
      <Filter>ObjParser</Filter>
    </ClCompile>
    <ClCompile Include="CubemapClass.cpp">
      <Filter>Cubemap</Filter>
    </ClCompile>
    <ClCompile Include="DeferredRenderer.cpp">
      <Filter>DeferredRendering</Filter>
    </ClCompile>
    <ClCompile Include="SceneObject.cpp">
      <Filter>Classes</Filter>
    </ClCompile>
    <ClCompile Include="Camera.cpp">
      <Filter>Classes</Filter>
    </ClCompile>
    <ClCompile Include="Main.cpp">
      <Filter>Resource Files</Filter>
    </ClCompile>
    <ClCompile Include="FrustumCuller.cpp">
      <Filter>Frustum Culling</Filter>
    </ClCompile>
    <ClCompile Include="ShadowMappingClass.cpp">
      <Filter>ShadowMapping</Filter>
    </ClCompile>
  </ItemGroup>
  <ItemGroup>
    <ClInclude Include="stb_image.h">
      <Filter>Resource Files</Filter>
    </ClInclude>
    <ClInclude Include="imGUI\imconfig.h">
      <Filter>imGUI</Filter>
    </ClInclude>
    <ClInclude Include="imGUI\imgui.h">
      <Filter>imGUI</Filter>
    </ClInclude>
    <ClInclude Include="imGUI\imgui_impl_dx11.h">
      <Filter>imGUI</Filter>
    </ClInclude>
    <ClInclude Include="imGUI\imgui_internal.h">
      <Filter>imGUI</Filter>
    </ClInclude>
    <ClInclude Include="imGUI\imstb_rectpack.h">
      <Filter>imGUI</Filter>
    </ClInclude>
    <ClInclude Include="imGUI\imstb_textedit.h">
      <Filter>imGUI</Filter>
    </ClInclude>
    <ClInclude Include="imGUI\imstb_truetype.h">
      <Filter>imGUI</Filter>
    </ClInclude>
    <ClInclude Include="imGUI\imgui_impl_win32.h">
      <Filter>imGUI</Filter>
    </ClInclude>
    <ClInclude Include="memoryLeakChecker.h">
      <Filter>Resource Files\Header Files</Filter>
    </ClInclude>
    <ClInclude Include="ParticleHandler.h">
      <Filter>ParticleSystem</Filter>
    </ClInclude>
    <ClInclude Include="ObjParser.h">
      <Filter>ObjParser</Filter>
    </ClInclude>
    <ClInclude Include="TesselatorClass.h">
      <Filter>Tesselation</Filter>
    </ClInclude>
    <ClInclude Include="TextureLoader.h">
      <Filter>ObjParser</Filter>
    </ClInclude>
    <ClInclude Include="CubemapClass.h">
      <Filter>Cubemap</Filter>
    </ClInclude>
    <ClInclude Include="Project.h">
      <Filter>Resource Files\Header Files</Filter>
    </ClInclude>
    <ClInclude Include="DeferredRenderer.h">
      <Filter>DeferredRendering</Filter>
    </ClInclude>
    <ClInclude Include="Camera.h">
      <Filter>Classes</Filter>
    </ClInclude>
    <ClInclude Include="SceneObject.h">
      <Filter>Classes</Filter>
    </ClInclude>
    <ClInclude Include="FrustumCuller.h">
      <Filter>Frustum Culling</Filter>
    </ClInclude>
    <ClInclude Include="ShadowMappingClass.h">
      <Filter>ShadowMapping</Filter>
    </ClInclude>
    <ClInclude Include="PipelineHelper.h">
      <Filter>Resource Files\Header Files</Filter>
    </ClInclude>
    <ClInclude Include="D3D11Helper.h">
      <Filter>Resource Files\Header Files</Filter>
    </ClInclude>
    <ClInclude Include="WindowHelper.h">
      <Filter>Resource Files\Header Files</Filter>
    </ClInclude>
  </ItemGroup>
  <ItemGroup>
    <FxCompile Include="ParticleVertex.hlsl">
      <Filter>ParticleSystem</Filter>
    </FxCompile>
    <FxCompile Include="ParticleShader.hlsl">
      <Filter>ParticleSystem</Filter>
    </FxCompile>
    <FxCompile Include="ParticlePixelShader.hlsl">
      <Filter>ParticleSystem</Filter>
    </FxCompile>
    <FxCompile Include="ParticleGeometryShader.hlsl">
      <Filter>ParticleSystem</Filter>
    </FxCompile>
    <FxCompile Include="HullShader.hlsl">
      <Filter>Tesselation</Filter>
    </FxCompile>
    <FxCompile Include="DomainShader.hlsl">
      <Filter>Tesselation</Filter>
    </FxCompile>
    <FxCompile Include="ComputeShader.hlsl">
      <Filter>DeferredRendering</Filter>
    </FxCompile>
    <FxCompile Include="GeometryPass.hlsl">
      <Filter>DeferredRendering</Filter>
    </FxCompile>
    <FxCompile Include="VertexShader.hlsl">
      <Filter>DeferredRendering</Filter>
    </FxCompile>
    <FxCompile Include="PixelShader.hlsl">
      <Filter>Cubemap</Filter>
    </FxCompile>
    <FxCompile Include="CubeMapPixel.hlsl">
      <Filter>Cubemap</Filter>
    </FxCompile>
    <FxCompile Include="CubeMapVertex.hlsl">
      <Filter>Cubemap</Filter>
    </FxCompile>
    <FxCompile Include="ShadowVertexShader.hlsl">
      <Filter>ShadowMapping</Filter>
    </FxCompile>
  </ItemGroup>
</Project>